Microsoft Visual Studio Solution File, Format Version 12.00
# Visual Studio 2012
Project("{FAE04EC0-301F-11D3-BF4B-00C04F79EFBC}") = "cargo 2", "cargo 2.csproj", "{399D379E-D35E-4AD4-989D-51EA2363803A}"
EndProject
Global
	GlobalSection(SolutionConfigurationPlatforms) = preSolution
	Debug|Any CPU = Debug|Any CPU
	ExportDebug|Any CPU = ExportDebug|Any CPU
	ExportRelease|Any CPU = ExportRelease|Any CPU
	EndGlobalSection
	GlobalSection(ProjectConfigurationPlatforms) = postSolution
		{399D379E-D35E-4AD4-989D-51EA2363803A}.Debug|Any CPU.ActiveCfg = Debug|Any CPU
		{399D379E-D35E-4AD4-989D-51EA2363803A}.Debug|Any CPU.Build.0 = Debug|Any CPU
		{399D379E-D35E-4AD4-989D-51EA2363803A}.ExportDebug|Any CPU.ActiveCfg = ExportDebug|Any CPU
		{399D379E-D35E-4AD4-989D-51EA2363803A}.ExportDebug|Any CPU.Build.0 = ExportDebug|Any CPU
		{399D379E-D35E-4AD4-989D-51EA2363803A}.ExportRelease|Any CPU.ActiveCfg = ExportRelease|Any CPU
		{399D379E-D35E-4AD4-989D-51EA2363803A}.ExportRelease|Any CPU.Build.0 = ExportRelease|Any CPU
	EndGlobalSection
EndGlobal
